
Microsoft Visual Studio Solution File, Format Version 12.00
# Visual Studio 2012
Project("{FAE04EC0-301F-11D3-BF4B-00C04F79EFBC}") = "LanguageIntro", "LanguageIntro\LanguageIntro.csproj", "{C10A11E7-6200-448E-91CA-B48BECC5E949}"
EndProject
Global
	GlobalSection(SolutionConfigurationPlatforms) = preSolution
		Debug|Any CPU = Debug|Any CPU
		Release|Any CPU = Release|Any CPU
	EndGlobalSection
	GlobalSection(ProjectConfigurationPlatforms) = postSolution
		{C10A11E7-6200-448E-91CA-B48BECC5E949}.Debug|Any CPU.ActiveCfg = Debug|Any CPU
		{C10A11E7-6200-448E-91CA-B48BECC5E949}.Debug|Any CPU.Build.0 = Debug|Any CPU
		{C10A11E7-6200-448E-91CA-B48BECC5E949}.Release|Any CPU.ActiveCfg = Release|Any CPU
		{C10A11E7-6200-448E-91CA-B48BECC5E949}.Release|Any CPU.Build.0 = Release|Any CPU
	EndGlobalSection
	GlobalSection(SolutionProperties) = preSolution
		HideSolutionNode = FALSE
	EndGlobalSection
EndGlobal
