
Microsoft Visual Studio Solution File, Format Version 12.00
# Visual Studio 2012
Project("{FAE04EC0-301F-11D3-BF4B-00C04F79EFBC}") = "GreetingApp", "GreetingApp\GreetingApp.csproj", "{C1D510E9-F7FB-4380-83B8-FCBBDB1C9FD9}"
EndProject
Project("{FAE04EC0-301F-11D3-BF4B-00C04F79EFBC}") = "GreetingApp.tests", "GreetingApp.tests\GreetingApp.tests.csproj", "{1FBDF133-F668-4ADA-BA6B-BE636F6DF865}"
EndProject
Global
	GlobalSection(SolutionConfigurationPlatforms) = preSolution
		Debug|Any CPU = Debug|Any CPU
		Release|Any CPU = Release|Any CPU
	EndGlobalSection
	GlobalSection(ProjectConfigurationPlatforms) = postSolution
		{C1D510E9-F7FB-4380-83B8-FCBBDB1C9FD9}.Debug|Any CPU.ActiveCfg = Debug|Any CPU
		{C1D510E9-F7FB-4380-83B8-FCBBDB1C9FD9}.Debug|Any CPU.Build.0 = Debug|Any CPU
		{C1D510E9-F7FB-4380-83B8-FCBBDB1C9FD9}.Release|Any CPU.ActiveCfg = Release|Any CPU
		{C1D510E9-F7FB-4380-83B8-FCBBDB1C9FD9}.Release|Any CPU.Build.0 = Release|Any CPU
		{1FBDF133-F668-4ADA-BA6B-BE636F6DF865}.Debug|Any CPU.ActiveCfg = Debug|Any CPU
		{1FBDF133-F668-4ADA-BA6B-BE636F6DF865}.Debug|Any CPU.Build.0 = Debug|Any CPU
		{1FBDF133-F668-4ADA-BA6B-BE636F6DF865}.Release|Any CPU.ActiveCfg = Release|Any CPU
		{1FBDF133-F668-4ADA-BA6B-BE636F6DF865}.Release|Any CPU.Build.0 = Release|Any CPU
	EndGlobalSection
	GlobalSection(SolutionProperties) = preSolution
		HideSolutionNode = FALSE
	EndGlobalSection
EndGlobal
