
Microsoft Visual Studio Solution File, Format Version 12.00
# Visual Studio 2012
Project("{FAE04EC0-301F-11D3-BF4B-00C04F79EFBC}") = "MyAssembliesApp", "MyAssembliesApp\MyAssembliesApp.csproj", "{5A8AF55D-411D-4FDD-8B18-AC9A5F2A1FC0}"
EndProject
Project("{FAE04EC0-301F-11D3-BF4B-00C04F79EFBC}") = "MyLibrary", "MyLibrary\MyLibrary.csproj", "{A2367E2F-A965-46D3-A7FE-ADE5DC10249F}"
EndProject
Global
	GlobalSection(SolutionConfigurationPlatforms) = preSolution
		Debug|Any CPU = Debug|Any CPU
		Release|Any CPU = Release|Any CPU
	EndGlobalSection
	GlobalSection(ProjectConfigurationPlatforms) = postSolution
		{5A8AF55D-411D-4FDD-8B18-AC9A5F2A1FC0}.Debug|Any CPU.ActiveCfg = Debug|Any CPU
		{5A8AF55D-411D-4FDD-8B18-AC9A5F2A1FC0}.Debug|Any CPU.Build.0 = Debug|Any CPU
		{5A8AF55D-411D-4FDD-8B18-AC9A5F2A1FC0}.Release|Any CPU.ActiveCfg = Release|Any CPU
		{5A8AF55D-411D-4FDD-8B18-AC9A5F2A1FC0}.Release|Any CPU.Build.0 = Release|Any CPU
		{A2367E2F-A965-46D3-A7FE-ADE5DC10249F}.Debug|Any CPU.ActiveCfg = Debug|Any CPU
		{A2367E2F-A965-46D3-A7FE-ADE5DC10249F}.Debug|Any CPU.Build.0 = Debug|Any CPU
		{A2367E2F-A965-46D3-A7FE-ADE5DC10249F}.Release|Any CPU.ActiveCfg = Release|Any CPU
		{A2367E2F-A965-46D3-A7FE-ADE5DC10249F}.Release|Any CPU.Build.0 = Release|Any CPU
	EndGlobalSection
	GlobalSection(SolutionProperties) = preSolution
		HideSolutionNode = FALSE
	EndGlobalSection
EndGlobal
